{
  "name": "build_dock_mobile",
  "lockfileVersion": 3,
  "requires": true,
  "packages": {
    "": {
      "dependencies": {
        "@quintondev/build-dock": "^0.1.0"
      }
    },
    "node_modules/@quintondev/build-dock": {
      "version": "0.1.0",
      "resolved": "https://registry.npmjs.org/@quintondev/build-dock/-/build-dock-0.1.0.tgz",
      "integrity": "sha512-JQBAGt95wvt9OhVBL2BVrGBU1vJoqgZhJYtKng09uvQmss0jXtYopDSqMGlqhSoM6jp3U5+VQ6V/z0en112w0A==",
      "license": "MIT",
      "bin": {
        "build-dock": "bin/build-dock.js",
        "dock": "bin/build-dock.js"
      },
      "engines": {
        "node": ">=20"
      }
    }
  }
}
